
Microsoft Visual Studio Solution File, Format Version 12.00
# Visual Studio Version 17
VisualStudioVersion = 17.4.33110.190
MinimumVisualStudioVersion = 10.0.40219.1
Project("{FAE04EC0-301F-11D3-BF4B-00C04F79EFBC}") = "IstanbulEgitimAkademiConsoleProject", "IstanbulEgitimAkademiConsoleProject\IstanbulEgitimAkademiConsoleProject.csproj", "{5742688C-7DD7-4D16-912E-AC52CA1587EE}"
EndProject
Global
	GlobalSection(SolutionConfigurationPlatforms) = preSolution
		Debug|Any CPU = Debug|Any CPU
		Release|Any CPU = Release|Any CPU
	EndGlobalSection
	GlobalSection(ProjectConfigurationPlatforms) = postSolution
		{5742688C-7DD7-4D16-912E-AC52CA1587EE}.Debug|Any CPU.ActiveCfg = Debug|Any CPU
		{5742688C-7DD7-4D16-912E-AC52CA1587EE}.Debug|Any CPU.Build.0 = Debug|Any CPU
		{5742688C-7DD7-4D16-912E-AC52CA1587EE}.Release|Any CPU.ActiveCfg = Release|Any CPU
		{5742688C-7DD7-4D16-912E-AC52CA1587EE}.Release|Any CPU.Build.0 = Release|Any CPU
	EndGlobalSection
	GlobalSection(SolutionProperties) = preSolution
		HideSolutionNode = FALSE
	EndGlobalSection
	GlobalSection(ExtensibilityGlobals) = postSolution
		SolutionGuid = {AC4F4EF1-0D52-4996-86B2-80C721BBD6DF}
	EndGlobalSection
EndGlobal
